
Microsoft Visual Studio Solution File, Format Version 12.00
# Visual Studio Version 17
VisualStudioVersion = 17.0.32014.148
MinimumVisualStudioVersion = 15.0.26124.0
Project("{9A19103F-16F7-4668-BE54-9A1E7A4F7556}") = "XperienceCommunity.CQRS.Core", "src\XperienceCommunity.CQRS.Core\XperienceCommunity.CQRS.Core.csproj", "{4777EFCD-2303-4816-92BB-56DC9BCAA397}"
EndProject
Project("{9A19103F-16F7-4668-BE54-9A1E7A4F7556}") = "XperienceCommunity.CQRS.Data", "src\XperienceCommunity.CQRS.Data\XperienceCommunity.CQRS.Data.csproj", "{E1E24A16-9128-44EF-B5BC-AAECAE74D9C8}"
EndProject
Project("{9A19103F-16F7-4668-BE54-9A1E7A4F7556}") = "XperienceCommunity.CQRS.Web", "src\XperienceCommunity.CQRS.Web\XperienceCommunity.CQRS.Web.csproj", "{90C3AC1A-F9F0-44DE-A5BE-89CDFBD7B02D}"
EndProject
Project("{2150E333-8FDC-42A3-9474-1A3956D46DE8}") = "samples", "samples", "{776BE07D-BC20-4DD1-9901-60EBF140C4BA}"
EndProject
Project("{9A19103F-16F7-4668-BE54-9A1E7A4F7556}") = "XperienceCommunity.Sandbox.Core", "samples\XperienceCommunity.Sandbox.Core\XperienceCommunity.Sandbox.Core.csproj", "{6B447B57-B4BF-4578-B5C3-69785932F244}"
EndProject
Project("{9A19103F-16F7-4668-BE54-9A1E7A4F7556}") = "XperienceCommunity.Sandbox.Data", "samples\XperienceCommunity.Sandbox.Data\XperienceCommunity.Sandbox.Data.csproj", "{66EE1F23-ED3C-48E6-95EC-7974BEE477F3}"
EndProject
Project("{9A19103F-16F7-4668-BE54-9A1E7A4F7556}") = "XperienceCommunity.Sandbox.Web", "samples\XperienceCommunity.Sandbox.Web\XperienceCommunity.Sandbox.Web.csproj", "{EE724072-9279-46A5-ADF3-4288E3B5F033}"
EndProject
Project("{2150E333-8FDC-42A3-9474-1A3956D46DE8}") = "src", "src", "{4F725109-9731-4650-B366-B605CE5ABB4D}"
EndProject
Project("{2150E333-8FDC-42A3-9474-1A3956D46DE8}") = "cqrs", "cqrs", "{1A42ADE1-5C94-4BB6-B95D-015A3B208B13}"
EndProject
Project("{2150E333-8FDC-42A3-9474-1A3956D46DE8}") = "Solution Items", "Solution Items", "{9E15BD5B-4D3A-4DD9-B4D0-15BC69F7E5DC}"
	ProjectSection(SolutionItems) = preProject
		.editorconfig = .editorconfig
		.gitignore = .gitignore
		.markdownlint.json = .markdownlint.json
		LICENSE = LICENSE
		README.md = README.md
	EndProjectSection
EndProject
Project("{2150E333-8FDC-42A3-9474-1A3956D46DE8}") = "build", "build", "{92137866-BF8D-4313-93B8-A6874E599748}"
	ProjectSection(SolutionItems) = preProject
		Directory.Build.props = Directory.Build.props
		Directory.Build.targets = Directory.Build.targets
		Directory.Packages.props = Directory.Packages.props
		nuget.config = nuget.config
	EndProjectSection
EndProject
Project("{2150E333-8FDC-42A3-9474-1A3956D46DE8}") = "Core", "Core", "{29789B01-1EF1-4B76-8E0A-EF9E34674D91}"
EndProject
Project("{9A19103F-16F7-4668-BE54-9A1E7A4F7556}") = "XperienceCommunity.CQRS.Core.Tests", "tests\XperienceCommunity.CQRS.Core.Tests\XperienceCommunity.CQRS.Core.Tests.csproj", "{0D80991E-3C24-4300-8790-050E55EB00C1}"
EndProject
Project("{2150E333-8FDC-42A3-9474-1A3956D46DE8}") = "Data", "Data", "{BD8B7D75-45CA-4358-8C5F-9DC067ECA933}"
EndProject
Project("{9A19103F-16F7-4668-BE54-9A1E7A4F7556}") = "XperienceCommunity.CQRS.Data.Tests", "tests\XperienceCommunity.CQRS.Data.Tests\XperienceCommunity.CQRS.Data.Tests.csproj", "{84539F0B-8979-4377-9DB0-3BEE04D29041}"
EndProject
Project("{2150E333-8FDC-42A3-9474-1A3956D46DE8}") = "Web", "Web", "{40C0A345-4A8D-4E6C-B6F8-903DEE063EC8}"
EndProject
Project("{9A19103F-16F7-4668-BE54-9A1E7A4F7556}") = "XperienceCommunity.CQRS.Web.Tests", "tests\XperienceCommunity.CQRS.Web.Tests\XperienceCommunity.CQRS.Web.Tests.csproj", "{59BA5D2E-CF39-4635-B9DA-4E035EEBEAC4}"
EndProject
Global
	GlobalSection(SolutionConfigurationPlatforms) = preSolution
		Debug|Any CPU = Debug|Any CPU
		Debug|x64 = Debug|x64
		Debug|x86 = Debug|x86
		Release|Any CPU = Release|Any CPU
		Release|x64 = Release|x64
		Release|x86 = Release|x86
	EndGlobalSection
	GlobalSection(ProjectConfigurationPlatforms) = postSolution
		{4777EFCD-2303-4816-92BB-56DC9BCAA397}.Debug|Any CPU.ActiveCfg = Debug|Any CPU
		{4777EFCD-2303-4816-92BB-56DC9BCAA397}.Debug|Any CPU.Build.0 = Debug|Any CPU
		{4777EFCD-2303-4816-92BB-56DC9BCAA397}.Debug|x64.ActiveCfg = Debug|Any CPU
		{4777EFCD-2303-4816-92BB-56DC9BCAA397}.Debug|x64.Build.0 = Debug|Any CPU
		{4777EFCD-2303-4816-92BB-56DC9BCAA397}.Debug|x86.ActiveCfg = Debug|Any CPU
		{4777EFCD-2303-4816-92BB-56DC9BCAA397}.Debug|x86.Build.0 = Debug|Any CPU
		{4777EFCD-2303-4816-92BB-56DC9BCAA397}.Release|Any CPU.ActiveCfg = Release|Any CPU
		{4777EFCD-2303-4816-92BB-56DC9BCAA397}.Release|Any CPU.Build.0 = Release|Any CPU
		{4777EFCD-2303-4816-92BB-56DC9BCAA397}.Release|x64.ActiveCfg = Release|Any CPU
		{4777EFCD-2303-4816-92BB-56DC9BCAA397}.Release|x64.Build.0 = Release|Any CPU
		{4777EFCD-2303-4816-92BB-56DC9BCAA397}.Release|x86.ActiveCfg = Release|Any CPU
		{4777EFCD-2303-4816-92BB-56DC9BCAA397}.Release|x86.Build.0 = Release|Any CPU
		{E1E24A16-9128-44EF-B5BC-AAECAE74D9C8}.Debug|Any CPU.ActiveCfg = Debug|Any CPU
		{E1E24A16-9128-44EF-B5BC-AAECAE74D9C8}.Debug|Any CPU.Build.0 = Debug|Any CPU
		{E1E24A16-9128-44EF-B5BC-AAECAE74D9C8}.Debug|x64.ActiveCfg = Debug|Any CPU
		{E1E24A16-9128-44EF-B5BC-AAECAE74D9C8}.Debug|x64.Build.0 = Debug|Any CPU
		{E1E24A16-9128-44EF-B5BC-AAECAE74D9C8}.Debug|x86.ActiveCfg = Debug|Any CPU
		{E1E24A16-9128-44EF-B5BC-AAECAE74D9C8}.Debug|x86.Build.0 = Debug|Any CPU
		{E1E24A16-9128-44EF-B5BC-AAECAE74D9C8}.Release|Any CPU.ActiveCfg = Release|Any CPU
		{E1E24A16-9128-44EF-B5BC-AAECAE74D9C8}.Release|Any CPU.Build.0 = Release|Any CPU
		{E1E24A16-9128-44EF-B5BC-AAECAE74D9C8}.Release|x64.ActiveCfg = Release|Any CPU
		{E1E24A16-9128-44EF-B5BC-AAECAE74D9C8}.Release|x64.Build.0 = Release|Any CPU
		{E1E24A16-9128-44EF-B5BC-AAECAE74D9C8}.Release|x86.ActiveCfg = Release|Any CPU
		{E1E24A16-9128-44EF-B5BC-AAECAE74D9C8}.Release|x86.Build.0 = Release|Any CPU
		{90C3AC1A-F9F0-44DE-A5BE-89CDFBD7B02D}.Debug|Any CPU.ActiveCfg = Debug|Any CPU
		{90C3AC1A-F9F0-44DE-A5BE-89CDFBD7B02D}.Debug|Any CPU.Build.0 = Debug|Any CPU
		{90C3AC1A-F9F0-44DE-A5BE-89CDFBD7B02D}.Debug|x64.ActiveCfg = Debug|Any CPU
		{90C3AC1A-F9F0-44DE-A5BE-89CDFBD7B02D}.Debug|x64.Build.0 = Debug|Any CPU
		{90C3AC1A-F9F0-44DE-A5BE-89CDFBD7B02D}.Debug|x86.ActiveCfg = Debug|Any CPU
		{90C3AC1A-F9F0-44DE-A5BE-89CDFBD7B02D}.Debug|x86.Build.0 = Debug|Any CPU
		{90C3AC1A-F9F0-44DE-A5BE-89CDFBD7B02D}.Release|Any CPU.ActiveCfg = Release|Any CPU
		{90C3AC1A-F9F0-44DE-A5BE-89CDFBD7B02D}.Release|Any CPU.Build.0 = Release|Any CPU
		{90C3AC1A-F9F0-44DE-A5BE-89CDFBD7B02D}.Release|x64.ActiveCfg = Release|Any CPU
		{90C3AC1A-F9F0-44DE-A5BE-89CDFBD7B02D}.Release|x64.Build.0 = Release|Any CPU
		{90C3AC1A-F9F0-44DE-A5BE-89CDFBD7B02D}.Release|x86.ActiveCfg = Release|Any CPU
		{90C3AC1A-F9F0-44DE-A5BE-89CDFBD7B02D}.Release|x86.Build.0 = Release|Any CPU
		{6B447B57-B4BF-4578-B5C3-69785932F244}.Debug|Any CPU.ActiveCfg = Debug|Any CPU
		{6B447B57-B4BF-4578-B5C3-69785932F244}.Debug|Any CPU.Build.0 = Debug|Any CPU
		{6B447B57-B4BF-4578-B5C3-69785932F244}.Debug|x64.ActiveCfg = Debug|Any CPU
		{6B447B57-B4BF-4578-B5C3-69785932F244}.Debug|x64.Build.0 = Debug|Any CPU
		{6B447B57-B4BF-4578-B5C3-69785932F244}.Debug|x86.ActiveCfg = Debug|Any CPU
		{6B447B57-B4BF-4578-B5C3-69785932F244}.Debug|x86.Build.0 = Debug|Any CPU
		{6B447B57-B4BF-4578-B5C3-69785932F244}.Release|Any CPU.ActiveCfg = Release|Any CPU
		{6B447B57-B4BF-4578-B5C3-69785932F244}.Release|Any CPU.Build.0 = Release|Any CPU
		{6B447B57-B4BF-4578-B5C3-69785932F244}.Release|x64.ActiveCfg = Release|Any CPU
		{6B447B57-B4BF-4578-B5C3-69785932F244}.Release|x64.Build.0 = Release|Any CPU
		{6B447B57-B4BF-4578-B5C3-69785932F244}.Release|x86.ActiveCfg = Release|Any CPU
		{6B447B57-B4BF-4578-B5C3-69785932F244}.Release|x86.Build.0 = Release|Any CPU
		{66EE1F23-ED3C-48E6-95EC-7974BEE477F3}.Debug|Any CPU.ActiveCfg = Debug|Any CPU
		{66EE1F23-ED3C-48E6-95EC-7974BEE477F3}.Debug|Any CPU.Build.0 = Debug|Any CPU
		{66EE1F23-ED3C-48E6-95EC-7974BEE477F3}.Debug|x64.ActiveCfg = Debug|Any CPU
		{66EE1F23-ED3C-48E6-95EC-7974BEE477F3}.Debug|x64.Build.0 = Debug|Any CPU
		{66EE1F23-ED3C-48E6-95EC-7974BEE477F3}.Debug|x86.ActiveCfg = Debug|Any CPU
		{66EE1F23-ED3C-48E6-95EC-7974BEE477F3}.Debug|x86.Build.0 = Debug|Any CPU
		{66EE1F23-ED3C-48E6-95EC-7974BEE477F3}.Release|Any CPU.ActiveCfg = Release|Any CPU
		{66EE1F23-ED3C-48E6-95EC-7974BEE477F3}.Release|Any CPU.Build.0 = Release|Any CPU
		{66EE1F23-ED3C-48E6-95EC-7974BEE477F3}.Release|x64.ActiveCfg = Release|Any CPU
		{66EE1F23-ED3C-48E6-95EC-7974BEE477F3}.Release|x64.Build.0 = Release|Any CPU
		{66EE1F23-ED3C-48E6-95EC-7974BEE477F3}.Release|x86.ActiveCfg = Release|Any CPU
		{66EE1F23-ED3C-48E6-95EC-7974BEE477F3}.Release|x86.Build.0 = Release|Any CPU
		{EE724072-9279-46A5-ADF3-4288E3B5F033}.Debug|Any CPU.ActiveCfg = Debug|Any CPU
		{EE724072-9279-46A5-ADF3-4288E3B5F033}.Debug|Any CPU.Build.0 = Debug|Any CPU
		{EE724072-9279-46A5-ADF3-4288E3B5F033}.Debug|x64.ActiveCfg = Debug|Any CPU
		{EE724072-9279-46A5-ADF3-4288E3B5F033}.Debug|x64.Build.0 = Debug|Any CPU
		{EE724072-9279-46A5-ADF3-4288E3B5F033}.Debug|x86.ActiveCfg = Debug|Any CPU
		{EE724072-9279-46A5-ADF3-4288E3B5F033}.Debug|x86.Build.0 = Debug|Any CPU
		{EE724072-9279-46A5-ADF3-4288E3B5F033}.Release|Any CPU.ActiveCfg = Release|Any CPU
		{EE724072-9279-46A5-ADF3-4288E3B5F033}.Release|Any CPU.Build.0 = Release|Any CPU
		{EE724072-9279-46A5-ADF3-4288E3B5F033}.Release|x64.ActiveCfg = Release|Any CPU
		{EE724072-9279-46A5-ADF3-4288E3B5F033}.Release|x64.Build.0 = Release|Any CPU
		{EE724072-9279-46A5-ADF3-4288E3B5F033}.Release|x86.ActiveCfg = Release|Any CPU
		{EE724072-9279-46A5-ADF3-4288E3B5F033}.Release|x86.Build.0 = Release|Any CPU
		{0D80991E-3C24-4300-8790-050E55EB00C1}.Debug|Any CPU.ActiveCfg = Debug|Any CPU
		{0D80991E-3C24-4300-8790-050E55EB00C1}.Debug|Any CPU.Build.0 = Debug|Any CPU
		{0D80991E-3C24-4300-8790-050E55EB00C1}.Debug|x64.ActiveCfg = Debug|Any CPU
		{0D80991E-3C24-4300-8790-050E55EB00C1}.Debug|x64.Build.0 = Debug|Any CPU
		{0D80991E-3C24-4300-8790-050E55EB00C1}.Debug|x86.ActiveCfg = Debug|Any CPU
		{0D80991E-3C24-4300-8790-050E55EB00C1}.Debug|x86.Build.0 = Debug|Any CPU
		{0D80991E-3C24-4300-8790-050E55EB00C1}.Release|Any CPU.ActiveCfg = Release|Any CPU
		{0D80991E-3C24-4300-8790-050E55EB00C1}.Release|Any CPU.Build.0 = Release|Any CPU
		{0D80991E-3C24-4300-8790-050E55EB00C1}.Release|x64.ActiveCfg = Release|Any CPU
		{0D80991E-3C24-4300-8790-050E55EB00C1}.Release|x64.Build.0 = Release|Any CPU
		{0D80991E-3C24-4300-8790-050E55EB00C1}.Release|x86.ActiveCfg = Release|Any CPU
		{0D80991E-3C24-4300-8790-050E55EB00C1}.Release|x86.Build.0 = Release|Any CPU
		{84539F0B-8979-4377-9DB0-3BEE04D29041}.Debug|Any CPU.ActiveCfg = Debug|Any CPU
		{84539F0B-8979-4377-9DB0-3BEE04D29041}.Debug|Any CPU.Build.0 = Debug|Any CPU
		{84539F0B-8979-4377-9DB0-3BEE04D29041}.Debug|x64.ActiveCfg = Debug|Any CPU
		{84539F0B-8979-4377-9DB0-3BEE04D29041}.Debug|x64.Build.0 = Debug|Any CPU
		{84539F0B-8979-4377-9DB0-3BEE04D29041}.Debug|x86.ActiveCfg = Debug|Any CPU
		{84539F0B-8979-4377-9DB0-3BEE04D29041}.Debug|x86.Build.0 = Debug|Any CPU
		{84539F0B-8979-4377-9DB0-3BEE04D29041}.Release|Any CPU.ActiveCfg = Release|Any CPU
		{84539F0B-8979-4377-9DB0-3BEE04D29041}.Release|Any CPU.Build.0 = Release|Any CPU
		{84539F0B-8979-4377-9DB0-3BEE04D29041}.Release|x64.ActiveCfg = Release|Any CPU
		{84539F0B-8979-4377-9DB0-3BEE04D29041}.Release|x64.Build.0 = Release|Any CPU
		{84539F0B-8979-4377-9DB0-3BEE04D29041}.Release|x86.ActiveCfg = Release|Any CPU
		{84539F0B-8979-4377-9DB0-3BEE04D29041}.Release|x86.Build.0 = Release|Any CPU
		{59BA5D2E-CF39-4635-B9DA-4E035EEBEAC4}.Debug|Any CPU.ActiveCfg = Debug|Any CPU
		{59BA5D2E-CF39-4635-B9DA-4E035EEBEAC4}.Debug|Any CPU.Build.0 = Debug|Any CPU
		{59BA5D2E-CF39-4635-B9DA-4E035EEBEAC4}.Debug|x64.ActiveCfg = Debug|Any CPU
		{59BA5D2E-CF39-4635-B9DA-4E035EEBEAC4}.Debug|x64.Build.0 = Debug|Any CPU
		{59BA5D2E-CF39-4635-B9DA-4E035EEBEAC4}.Debug|x86.ActiveCfg = Debug|Any CPU
		{59BA5D2E-CF39-4635-B9DA-4E035EEBEAC4}.Debug|x86.Build.0 = Debug|Any CPU
		{59BA5D2E-CF39-4635-B9DA-4E035EEBEAC4}.Release|Any CPU.ActiveCfg = Release|Any CPU
		{59BA5D2E-CF39-4635-B9DA-4E035EEBEAC4}.Release|Any CPU.Build.0 = Release|Any CPU
		{59BA5D2E-CF39-4635-B9DA-4E035EEBEAC4}.Release|x64.ActiveCfg = Release|Any CPU
		{59BA5D2E-CF39-4635-B9DA-4E035EEBEAC4}.Release|x64.Build.0 = Release|Any CPU
		{59BA5D2E-CF39-4635-B9DA-4E035EEBEAC4}.Release|x86.ActiveCfg = Release|Any CPU
		{59BA5D2E-CF39-4635-B9DA-4E035EEBEAC4}.Release|x86.Build.0 = Release|Any CPU
	EndGlobalSection
	GlobalSection(SolutionProperties) = preSolution
		HideSolutionNode = FALSE
	EndGlobalSection
	GlobalSection(NestedProjects) = preSolution
		{4777EFCD-2303-4816-92BB-56DC9BCAA397} = {29789B01-1EF1-4B76-8E0A-EF9E34674D91}
		{E1E24A16-9128-44EF-B5BC-AAECAE74D9C8} = {BD8B7D75-45CA-4358-8C5F-9DC067ECA933}
		{90C3AC1A-F9F0-44DE-A5BE-89CDFBD7B02D} = {40C0A345-4A8D-4E6C-B6F8-903DEE063EC8}
		{776BE07D-BC20-4DD1-9901-60EBF140C4BA} = {4F725109-9731-4650-B366-B605CE5ABB4D}
		{6B447B57-B4BF-4578-B5C3-69785932F244} = {776BE07D-BC20-4DD1-9901-60EBF140C4BA}
		{66EE1F23-ED3C-48E6-95EC-7974BEE477F3} = {776BE07D-BC20-4DD1-9901-60EBF140C4BA}
		{EE724072-9279-46A5-ADF3-4288E3B5F033} = {776BE07D-BC20-4DD1-9901-60EBF140C4BA}
		{1A42ADE1-5C94-4BB6-B95D-015A3B208B13} = {4F725109-9731-4650-B366-B605CE5ABB4D}
		{29789B01-1EF1-4B76-8E0A-EF9E34674D91} = {1A42ADE1-5C94-4BB6-B95D-015A3B208B13}
		{0D80991E-3C24-4300-8790-050E55EB00C1} = {29789B01-1EF1-4B76-8E0A-EF9E34674D91}
		{BD8B7D75-45CA-4358-8C5F-9DC067ECA933} = {1A42ADE1-5C94-4BB6-B95D-015A3B208B13}
		{84539F0B-8979-4377-9DB0-3BEE04D29041} = {BD8B7D75-45CA-4358-8C5F-9DC067ECA933}
		{40C0A345-4A8D-4E6C-B6F8-903DEE063EC8} = {1A42ADE1-5C94-4BB6-B95D-015A3B208B13}
		{59BA5D2E-CF39-4635-B9DA-4E035EEBEAC4} = {40C0A345-4A8D-4E6C-B6F8-903DEE063EC8}
	EndGlobalSection
	GlobalSection(ExtensibilityGlobals) = postSolution
		SolutionGuid = {E58FC83C-EAD0-4575-9EB8-DC73512BBE9E}
	EndGlobalSection
EndGlobal
